
Microsoft Visual Studio Solution File, Format Version 12.00
# Visual Studio Version 17
VisualStudioVersion = 17.4.33213.308
MinimumVisualStudioVersion = 10.0.40219.1
Project("{FAE04EC0-301F-11D3-BF4B-00C04F79EFBC}") = "NZWalks_API", "NZWalks_API\NZWalks_API.csproj", "{F452EF9B-7FA5-43FA-AF00-A47329B89C20}"
EndProject
Global
	GlobalSection(SolutionConfigurationPlatforms) = preSolution
		Debug|Any CPU = Debug|Any CPU
		Release|Any CPU = Release|Any CPU
	EndGlobalSection
	GlobalSection(ProjectConfigurationPlatforms) = postSolution
		{F452EF9B-7FA5-43FA-AF00-A47329B89C20}.Debug|Any CPU.ActiveCfg = Debug|Any CPU
		{F452EF9B-7FA5-43FA-AF00-A47329B89C20}.Debug|Any CPU.Build.0 = Debug|Any CPU
		{F452EF9B-7FA5-43FA-AF00-A47329B89C20}.Release|Any CPU.ActiveCfg = Release|Any CPU
		{F452EF9B-7FA5-43FA-AF00-A47329B89C20}.Release|Any CPU.Build.0 = Release|Any CPU
	EndGlobalSection
	GlobalSection(SolutionProperties) = preSolution
		HideSolutionNode = FALSE
	EndGlobalSection
	GlobalSection(ExtensibilityGlobals) = postSolution
		SolutionGuid = {E60597C5-71AE-4BCE-9DAE-6C52946EE44C}
	EndGlobalSection
EndGlobal
